// !$*UTF8*$!
{
	archiveVersion = 1;
	classes = {
	};
	objectVersion = 52;
	objects = {

/* Begin PBXBuildFile section */
		ADEA10BA24D3E725004D6169 /* AppDelegate.swift in Sources */ = {isa = PBXBuildFile; fileRef = ADEA10B924D3E725004D6169 /* AppDelegate.swift */; };
		ADEA10BC24D3E725004D6169 /* SceneDelegate.swift in Sources */ = {isa = PBXBuildFile; fileRef = ADEA10BB24D3E725004D6169 /* SceneDelegate.swift */; };
		ADEA10BE24D3E725004D6169 /* ContentView.swift in Sources */ = {isa = PBXBuildFile; fileRef = ADEA10BD24D3E725004D6169 /* ContentView.swift */; };
		ADEA10C024D3E729004D6169 /* Assets.xcassets in Resources */ = {isa = PBXBuildFile; fileRef = ADEA10BF24D3E729004D6169 /* Assets.xcassets */; };
		ADEA10C324D3E729004D6169 /* Preview Assets.xcassets in Resources */ = {isa = PBXBuildFile; fileRef = ADEA10C224D3E729004D6169 /* Preview Assets.xcassets */; };
		ADEA10C624D3E729004D6169 /* LaunchScreen.storyboard in Resources */ = {isa = PBXBuildFile; fileRef = ADEA10C424D3E729004D6169 /* LaunchScreen.storyboard */; };
		ADEA10CF24D3E77D004D6169 /* BBSwiftUIKit in Frameworks */ = {isa = PBXBuildFile; productRef = ADEA10CE24D3E77D004D6169 /* BBSwiftUIKit */; };
/* End PBXBuildFile section */

/* Begin PBXFileReference section */
		ADEA10B624D3E725004D6169 /* PullDownToRefreshDemo.app */ = {isa = PBXFileReference; explicitFileType = wrapper.application; includeInIndex = 0; path = PullDownToRefreshDemo.app; sourceTree = BUILT_PRODUCTS_DIR; };
		ADEA10B924D3E725004D6169 /* AppDelegate.swift */ = {isa = PBXFileReference; lastKnownFileType = sourcecode.swift; path = AppDelegate.swift; sourceTree = "<group>"; };
		ADEA10BB24D3E725004D6169 /* SceneDelegate.swift */ = {isa = PBXFileReference; lastKnownFileType = sourcecode.swift; path = SceneDelegate.swift; sourceTree = "<group>"; };
		ADEA10BD24D3E725004D6169 /* ContentView.swift */ = {isa = PBXFileReference; lastKnownFileType = sourcecode.swift; path = ContentView.swift; sourceTree = "<group>"; };
		ADEA10BF24D3E729004D6169 /* Assets.xcassets */ = {isa = PBXFileReference; lastKnownFileType = folder.assetcatalog; path = Assets.xcassets; sourceTree = "<group>"; };
		ADEA10C224D3E729004D6169 /* Preview Assets.xcassets */ = {isa = PBXFileReference; lastKnownFileType = folder.assetcatalog; path = "Preview Assets.xcassets"; sourceTree = "<group>"; };
		ADEA10C524D3E729004D6169 /* Base */ = {isa = PBXFileReference; lastKnownFileType = file.storyboard; name = Base; path = Base.lproj/LaunchScreen.storyboard; sourceTree = "<group>"; };
		ADEA10C724D3E729004D6169 /* Info.plist */ = {isa = PBXFileReference; lastKnownFileType = text.plist.xml; path = Info.plist; sourceTree = "<group>"; };
/* End PBXFileReference section */

/* Begin PBXFrameworksBuildPhase section */
		ADEA10B324D3E725004D6169 /* Frameworks */ = {
			isa = PBXFrameworksBuildPhase;
			buildActionMask = 2147483647;
			files = (
				ADEA10CF24D3E77D004D6169 /* BBSwiftUIKit in Frameworks */,
			);
			runOnlyForDeploymentPostprocessing = 0;
		};
/* End PBXFrameworksBuildPhase section */

/* Begin PBXGroup section */
		ADEA10AD24D3E725004D6169 = {
			isa = PBXGroup;
			children = (
				ADEA10B824D3E725004D6169 /* PullDownToRefreshDemo */,
				ADEA10B724D3E725004D6169 /* Products */,
			);
			sourceTree = "<group>";
		};
		ADEA10B724D3E725004D6169 /* Products */ = {
			isa = PBXGroup;
			children = (
				ADEA10B624D3E725004D6169 /* PullDownToRefreshDemo.app */,
			);
			name = Products;
			sourceTree = "<group>";
		};
		ADEA10B824D3E725004D6169 /* PullDownToRefreshDemo */ = {
			isa = PBXGroup;
			children = (
				ADEA10B924D3E725004D6169 /* AppDelegate.swift */,
				ADEA10BB24D3E725004D6169 /* SceneDelegate.swift */,
				ADEA10BD24D3E725004D6169 /* ContentView.swift */,
				ADEA10BF24D3E729004D6169 /* Assets.xcassets */,
				ADEA10C424D3E729004D6169 /* LaunchScreen.storyboard */,
				ADEA10C724D3E729004D6169 /* Info.plist */,
				ADEA10C124D3E729004D6169 /* Preview Content */,
			);
			path = PullDownToRefreshDemo;
			sourceTree = "<group>";
		};
		ADEA10C124D3E729004D6169 /* Preview Content */ = {
			isa = PBXGroup;
			children = (
				ADEA10C224D3E729004D6169 /* Preview Assets.xcassets */,
			);
			path = "Preview Content";
			sourceTree = "<group>";
		};
/* End PBXGroup section */

/* Begin PBXNativeTarget section */
		ADEA10B524D3E725004D6169 /* PullDownToRefreshDemo */ = {
			isa = PBXNativeTarget;
			buildConfigurationList = ADEA10CA24D3E729004D6169 /* Build configuration list for PBXNativeTarget "PullDownToRefreshDemo" */;
			buildPhases = (
				ADEA10B224D3E725004D6169 /* Sources */,
				ADEA10B324D3E725004D6169 /* Frameworks */,
				ADEA10B424D3E725004D6169 /* Resources */,
			);
			buildRules = (
			);
			dependencies = (
			);
			name = PullDownToRefreshDemo;
			packageProductDependencies = (
				ADEA10CE24D3E77D004D6169 /* BBSwiftUIKit */,
			);
			productName = PullDownToRefreshDemo;
			productReference = ADEA10B624D3E725004D6169 /* PullDownToRefreshDemo.app */;
			productType = "com.apple.product-type.application";
		};
/* End PBXNativeTarget section */

/* Begin PBXProject section */
		ADEA10AE24D3E725004D6169 /* Project object */ = {
			isa = PBXProject;
			attributes = {
				LastSwiftUpdateCheck = 1200;
				LastUpgradeCheck = 1200;
				TargetAttributes = {
					ADEA10B524D3E725004D6169 = {
						CreatedOnToolsVersion = 12.0;
					};
				};
			};
			buildConfigurationList = ADEA10B124D3E725004D6169 /* Build configuration list for PBXProject "PullDownToRefreshDemo" */;
			compatibilityVersion = "Xcode 9.3";
			developmentRegion = en;
			hasScannedForEncodings = 0;
			knownRegions = (
				en,
				Base,
			);
			mainGroup = ADEA10AD24D3E725004D6169;
			packageReferences = (
				ADEA10CD24D3E77D004D6169 /* XCRemoteSwiftPackageReference "BBSwiftUIKit" */,
			);
			productRefGroup = ADEA10B724D3E725004D6169 /* Products */;
			projectDirPath = "";
			projectRoot = "";
			targets = (
				ADEA10B524D3E725004D6169 /* PullDownToRefreshDemo */,
			);
		};
/* End PBXProject section */

/* Begin PBXResourcesBuildPhase section */
		ADEA10B424D3E725004D6169 /* Resources */ = {
			isa = PBXResourcesBuildPhase;
			buildActionMask = 2147483647;
			files = (
				ADEA10C624D3E729004D6169 /* LaunchScreen.storyboard in Resources */,
				ADEA10C324D3E729004D6169 /* Preview Assets.xcassets in Resources */,
				ADEA10C024D3E729004D6169 /* Assets.xcassets in Resources */,
			);
			runOnlyForDeploymentPostprocessing = 0;
		};
/* End PBXResourcesBuildPhase section */

/* Begin PBXSourcesBuildPhase section */
		ADEA10B224D3E725004D6169 /* Sources */ = {
			isa = PBXSourcesBuildPhase;
			buildActionMask = 2147483647;
			files = (
				ADEA10BA24D3E725004D6169 /* AppDelegate.swift in Sources */,
				ADEA10BC24D3E725004D6169 /* SceneDelegate.swift in Sources */,
				ADEA10BE24D3E725004D6169 /* ContentView.swift in Sources */,
			);
			runOnlyForDeploymentPostprocessing = 0;
		};
/* End PBXSourcesBuildPhase section */

/* Begin PBXVariantGroup section */
		ADEA10C424D3E729004D6169 /* LaunchScreen.storyboard */ = {
			isa = PBXVariantGroup;
			children = (
				ADEA10C524D3E729004D6169 /* Base */,
			);
			name = LaunchScreen.storyboard;
			sourceTree = "<group>";
		};
/* End PBXVariantGroup section */

/* Begin XCBuildConfiguration section */
		ADEA10C824D3E729004D6169 /* Debug */ = {
			isa = XCBuildConfiguration;
			buildSettings = {
				ALWAYS_SEARCH_USER_PATHS = NO;
				CLANG_ANALYZER_NONNULL = YES;
				CLANG_ANALYZER_NUMBER_OBJECT_CONVERSION = YES_AGGRESSIVE;
				CLANG_CXX_LANGUAGE_STANDARD = "gnu++14";
				CLANG_CXX_LIBRARY = "libc++";
				CLANG_ENABLE_MODULES = YES;
				CLANG_ENABLE_OBJC_ARC = YES;
				CLANG_ENABLE_OBJC_WEAK = YES;
				CLANG_WARN_BLOCK_CAPTURE_AUTORELEASING = YES;
				CLANG_WARN_BOOL_CONVERSION = YES;
				CLANG_WARN_COMMA = YES;
				CLANG_WARN_CONSTANT_CONVERSION = YES;
				CLANG_WARN_DEPRECATED_OBJC_IMPLEMENTATIONS = YES;
				CLANG_WARN_DIRECT_OBJC_ISA_USAGE = YES_ERROR;
				CLANG_WARN_DOCUMENTATION_COMMENTS = YES;
				CLANG_WARN_EMPTY_BODY = YES;
				CLANG_WARN_ENUM_CONVERSION = YES;
				CLANG_WARN_INFINITE_RECURSION = YES;
				CLANG_WARN_INT_CONVERSION = YES;
				CLANG_WARN_NON_LITERAL_NULL_CONVERSION = YES;
				CLANG_WARN_OBJC_IMPLICIT_RETAIN_SELF = YES;
				CLANG_WARN_OBJC_LITERAL_CONVERSION = YES;
				CLANG_WARN_OBJC_ROOT_CLASS = YES_ERROR;
				CLANG_WARN_QUOTED_INCLUDE_IN_FRAMEWORK_HEADER = YES;
				CLANG_WARN_RANGE_LOOP_ANALYSIS = YES;
				CLANG_WARN_STRICT_PROTOTYPES = YES;
				CLANG_WARN_SUSPICIOUS_MOVE = YES;
				CLANG_WARN_UNGUARDED_AVAILABILITY = YES_AGGRESSIVE;
				CLANG_WARN_UNREACHABLE_CODE = YES;
				CLANG_WARN__DUPLICATE_METHOD_MATCH = YES;
				COPY_PHASE_STRIP = NO;
				DEBUG_INFORMATION_FORMAT = dwarf;
				ENABLE_STRICT_OBJC_MSGSEND = YES;
				ENABLE_TESTABILITY = YES;
				GCC_C_LANGUAGE_STANDARD = gnu11;
				GCC_DYNAMIC_NO_PIC = NO;
				GCC_NO_COMMON_BLOCKS = YES;
				GCC_OPTIMIZATION_LEVEL = 0;
				GCC_PREPROCESSOR_DEFINITIONS = (
					"DEBUG=1",
					"$(inherited)",
				);
				GCC_WARN_64_TO_32_BIT_CONVERSION = YES;
				GCC_WARN_ABOUT_RETURN_TYPE = YES_ERROR;
				GCC_WARN_UNDECLARED_SELECTOR = YES;
				GCC_WARN_UNINITIALIZED_AUTOS = YES_AGGRESSIVE;
				GCC_WARN_UNUSED_FUNCTION = YES;
				GCC_WARN_UNUSED_VARIABLE = YES;
				IPHONEOS_DEPLOYMENT_TARGET = 14.0;
				MTL_ENABLE_DEBUG_INFO = INCLUDE_SOURCE;
				MTL_FAST_MATH = YES;
				ONLY_ACTIVE_ARCH = YES;
				SDKROOT = iphoneos;
				SWIFT_ACTIVE_COMPILATION_CONDITIONS = DEBUG;
				SWIFT_OPTIMIZATION_LEVEL = "-Onone";
			};
			name = Debug;
		};
		ADEA10C924D3E729004D6169 /* Release */ = {
			isa = XCBuildConfiguration;
			buildSettings = {
				ALWAYS_SEARCH_USER_PATHS = NO;
				CLANG_ANALYZER_NONNULL = YES;
				CLANG_ANALYZER_NUMBER_OBJECT_CONVERSION = YES_AGGRESSIVE;
				CLANG_CXX_LANGUAGE_STANDARD = "gnu++14";
				CLANG_CXX_LIBRARY = "libc++";
				CLANG_ENABLE_MODULES = YES;
				CLANG_ENABLE_OBJC_ARC = YES;
				CLANG_ENABLE_OBJC_WEAK = YES;
				CLANG_WARN_BLOCK_CAPTURE_AUTORELEASING = YES;
				CLANG_WARN_BOOL_CONVERSION = YES;
				CLANG_WARN_COMMA = YES;
				CLANG_WARN_CONSTANT_CONVERSION = YES;
				CLANG_WARN_DEPRECATED_OBJC_IMPLEMENTATIONS = YES;
				CLANG_WARN_DIRECT_OBJC_ISA_USAGE = YES_ERROR;
				CLANG_WARN_DOCUMENTATION_COMMENTS = YES;
				CLANG_WARN_EMPTY_BODY = YES;
				CLANG_WARN_ENUM_CONVERSION = YES;
				CLANG_WARN_INFINITE_RECURSION = YES;
				CLANG_WARN_INT_CONVERSION = YES;
				CLANG_WARN_NON_LITERAL_NULL_CONVERSION = YES;
				CLANG_WARN_OBJC_IMPLICIT_RETAIN_SELF = YES;
				CLANG_WARN_OBJC_LITERAL_CONVERSION = YES;
				CLANG_WARN_OBJC_ROOT_CLASS = YES_ERROR;
				CLANG_WARN_QUOTED_INCLUDE_IN_FRAMEWORK_HEADER = YES;
				CLANG_WARN_RANGE_LOOP_ANALYSIS = YES;
				CLANG_WARN_STRICT_PROTOTYPES = YES;
				CLANG_WARN_SUSPICIOUS_MOVE = YES;
				CLANG_WARN_UNGUARDED_AVAILABILITY = YES_AGGRESSIVE;
				CLANG_WARN_UNREACHABLE_CODE = YES;
				CLANG_WARN__DUPLICATE_METHOD_MATCH = YES;
				COPY_PHASE_STRIP = NO;
				DEBUG_INFORMATION_FORMAT = "dwarf-with-dsym";
				ENABLE_NS_ASSERTIONS = NO;
				ENABLE_STRICT_OBJC_MSGSEND = YES;
				GCC_C_LANGUAGE_STANDARD = gnu11;
				GCC_NO_COMMON_BLOCKS = YES;
				GCC_WARN_64_TO_32_BIT_CONVERSION = YES;
				GCC_WARN_ABOUT_RETURN_TYPE = YES_ERROR;
				GCC_WARN_UNDECLARED_SELECTOR = YES;
				GCC_WARN_UNINITIALIZED_AUTOS = YES_AGGRESSIVE;
				GCC_WARN_UNUSED_FUNCTION = YES;
				GCC_WARN_UNUSED_VARIABLE = YES;
				IPHONEOS_DEPLOYMENT_TARGET = 14.0;
				MTL_ENABLE_DEBUG_INFO = NO;
				MTL_FAST_MATH = YES;
				SDKROOT = iphoneos;
				SWIFT_COMPILATION_MODE = wholemodule;
				SWIFT_OPTIMIZATION_LEVEL = "-O";
				VALIDATE_PRODUCT = YES;
			};
			name = Release;
		};
		ADEA10CB24D3E729004D6169 /* Debug */ = {
			isa = XCBuildConfiguration;
			buildSettings = {
				ASSETCATALOG_COMPILER_APPICON_NAME = AppIcon;
				ASSETCATALOG_COMPILER_GLOBAL_ACCENT_COLOR_NAME = AccentColor;
				CODE_SIGN_STYLE = Automatic;
				DEVELOPMENT_ASSET_PATHS = "\"PullDownToRefreshDemo/Preview Content\"";
				DEVELOPMENT_TEAM = YM9U6GJ233;
				ENABLE_PREVIEWS = YES;
				INFOPLIST_FILE = PullDownToRefreshDemo/Info.plist;
				LD_RUNPATH_SEARCH_PATHS = (
					"$(inherited)",
					"@executable_path/Frameworks",
				);
				PRODUCT_BUNDLE_IDENTIFIER = com.derek.PullDownToRefreshDemo;
				PRODUCT_NAME = "$(TARGET_NAME)";
				SWIFT_VERSION = 5.0;
				TARGETED_DEVICE_FAMILY = "1,2";
			};
			name = Debug;
		};
		ADEA10CC24D3E729004D6169 /* Release */ = {
			isa = XCBuildConfiguration;
			buildSettings = {
				ASSETCATALOG_COMPILER_APPICON_NAME = AppIcon;
				ASSETCATALOG_COMPILER_GLOBAL_ACCENT_COLOR_NAME = AccentColor;
				CODE_SIGN_STYLE = Automatic;
				DEVELOPMENT_ASSET_PATHS = "\"PullDownToRefreshDemo/Preview Content\"";
				DEVELOPMENT_TEAM = YM9U6GJ233;
				ENABLE_PREVIEWS = YES;
				INFOPLIST_FILE = PullDownToRefreshDemo/Info.plist;
				LD_RUNPATH_SEARCH_PATHS = (
					"$(inherited)",
					"@executable_path/Frameworks",
				);
				PRODUCT_BUNDLE_IDENTIFIER = com.derek.PullDownToRefreshDemo;
				PRODUCT_NAME = "$(TARGET_NAME)";
				SWIFT_VERSION = 5.0;
				TARGETED_DEVICE_FAMILY = "1,2";
			};
			name = Release;
		};
/* End XCBuildConfiguration section */

/* Begin XCConfigurationList section */
		ADEA10B124D3E725004D6169 /* Build configuration list for PBXProject "PullDownToRefreshDemo" */ = {
			isa = XCConfigurationList;
			buildConfigurations = (
				ADEA10C824D3E729004D6169 /* Debug */,
				ADEA10C924D3E729004D6169 /* Release */,
			);
			defaultConfigurationIsVisible = 0;
			defaultConfigurationName = Release;
		};
		ADEA10CA24D3E729004D6169 /* Build configuration list for PBXNativeTarget "PullDownToRefreshDemo" */ = {
			isa = XCConfigurationList;
			buildConfigurations = (
				ADEA10CB24D3E729004D6169 /* Debug */,
				ADEA10CC24D3E729004D6169 /* Release */,
			);
			defaultConfigurationIsVisible = 0;
			defaultConfigurationName = Release;
		};
/* End XCConfigurationList section */

/* Begin XCRemoteSwiftPackageReference section */
		ADEA10CD24D3E77D004D6169 /* XCRemoteSwiftPackageReference "BBSwiftUIKit" */ = {
			isa = XCRemoteSwiftPackageReference;
			repositoryURL = "git@github.com:Silence-GitHub/BBSwiftUIKit.git";
			requirement = {
				kind = upToNextMajorVersion;
				minimumVersion = 0.1.0;
			};
		};
/* End XCRemoteSwiftPackageReference section */

/* Begin XCSwiftPackageProductDependency section */
		ADEA10CE24D3E77D004D6169 /* BBSwiftUIKit */ = {
			isa = XCSwiftPackageProductDependency;
			package = ADEA10CD24D3E77D004D6169 /* XCRemoteSwiftPackageReference "BBSwiftUIKit" */;
			productName = BBSwiftUIKit;
		};
/* End XCSwiftPackageProductDependency section */
	};
	rootObject = ADEA10AE24D3E725004D6169 /* Project object */;
}
